
Microsoft Visual Studio Solution File, Format Version 12.00
# Visual Studio Version 16
VisualStudioVersion = 16.0.30804.86
MinimumVisualStudioVersion = 10.0.40219.1
Project("{9A19103F-16F7-4668-BE54-9A1E7A4F7556}") = "BOTWToolset", "BOTWToolset.csproj", "{99C01800-580D-4A02-88A7-CE3B8DCB9A16}"
EndProject
Global
	GlobalSection(SolutionConfigurationPlatforms) = preSolution
		Debug|Any CPU = Debug|Any CPU
		Release|Any CPU = Release|Any CPU
	EndGlobalSection
	GlobalSection(ProjectConfigurationPlatforms) = postSolution
		{99C01800-580D-4A02-88A7-CE3B8DCB9A16}.Debug|Any CPU.ActiveCfg = Debug|Any CPU
		{99C01800-580D-4A02-88A7-CE3B8DCB9A16}.Debug|Any CPU.Build.0 = Debug|Any CPU
		{99C01800-580D-4A02-88A7-CE3B8DCB9A16}.Release|Any CPU.ActiveCfg = Release|Any CPU
		{99C01800-580D-4A02-88A7-CE3B8DCB9A16}.Release|Any CPU.Build.0 = Release|Any CPU
	EndGlobalSection
	GlobalSection(SolutionProperties) = preSolution
		HideSolutionNode = FALSE
	EndGlobalSection
	GlobalSection(ExtensibilityGlobals) = postSolution
		SolutionGuid = {2342C2FA-D8B4-4711-9BF6-4A7B673363F8}
	EndGlobalSection
EndGlobal
